
Microsoft Visual Studio Solution File, Format Version 12.00
# Visual Studio Version 16
VisualStudioVersion = 16.0.30717.126
MinimumVisualStudioVersion = 10.0.40219.1
Project("{8BC9CEB8-8B4A-11D0-8D11-00A0C91BC942}") = "Arkanoid", "Arkanoid\Arkanoid.vcxproj", "{6B83A911-DA31-4A8D-9FB8-F5B60F8A15A0}"
EndProject
Global
	GlobalSection(SolutionConfigurationPlatforms) = preSolution
		Debug|x64 = Debug|x64
		Debug|x86 = Debug|x86
		Release|x64 = Release|x64
		Release|x86 = Release|x86
	EndGlobalSection
	GlobalSection(ProjectConfigurationPlatforms) = postSolution
		{6B83A911-DA31-4A8D-9FB8-F5B60F8A15A0}.Debug|x64.ActiveCfg = Debug|x64
		{6B83A911-DA31-4A8D-9FB8-F5B60F8A15A0}.Debug|x64.Build.0 = Debug|x64
		{6B83A911-DA31-4A8D-9FB8-F5B60F8A15A0}.Debug|x86.ActiveCfg = Debug|Win32
		{6B83A911-DA31-4A8D-9FB8-F5B60F8A15A0}.Debug|x86.Build.0 = Debug|Win32
		{6B83A911-DA31-4A8D-9FB8-F5B60F8A15A0}.Release|x64.ActiveCfg = Release|x64
		{6B83A911-DA31-4A8D-9FB8-F5B60F8A15A0}.Release|x64.Build.0 = Release|x64
		{6B83A911-DA31-4A8D-9FB8-F5B60F8A15A0}.Release|x86.ActiveCfg = Release|Win32
		{6B83A911-DA31-4A8D-9FB8-F5B60F8A15A0}.Release|x86.Build.0 = Release|Win32
	EndGlobalSection
	GlobalSection(SolutionProperties) = preSolution
		HideSolutionNode = FALSE
	EndGlobalSection
	GlobalSection(ExtensibilityGlobals) = postSolution
		SolutionGuid = {B93AFB32-E0AC-4955-B0A6-AD3EF544C5EB}
	EndGlobalSection
EndGlobal
